
Microsoft Visual Studio Solution File, Format Version 12.00
# Visual Studio Version 17
VisualStudioVersion = 17.5.33502.453
MinimumVisualStudioVersion = 10.0.40219.1
Project("{FAE04EC0-301F-11D3-BF4B-00C04F79EFBC}") = "carepoint", "carepoint\carepoint.csproj", "{B1E0FC84-5147-4EF7-BBF7-BEA952B25DD3}"
EndProject
Global
	GlobalSection(SolutionConfigurationPlatforms) = preSolution
		Debug|Any CPU = Debug|Any CPU
		Release|Any CPU = Release|Any CPU
	EndGlobalSection
	GlobalSection(ProjectConfigurationPlatforms) = postSolution
		{B1E0FC84-5147-4EF7-BBF7-BEA952B25DD3}.Debug|Any CPU.ActiveCfg = Debug|Any CPU
		{B1E0FC84-5147-4EF7-BBF7-BEA952B25DD3}.Debug|Any CPU.Build.0 = Debug|Any CPU
		{B1E0FC84-5147-4EF7-BBF7-BEA952B25DD3}.Release|Any CPU.ActiveCfg = Release|Any CPU
		{B1E0FC84-5147-4EF7-BBF7-BEA952B25DD3}.Release|Any CPU.Build.0 = Release|Any CPU
	EndGlobalSection
	GlobalSection(SolutionProperties) = preSolution
		HideSolutionNode = FALSE
	EndGlobalSection
	GlobalSection(ExtensibilityGlobals) = postSolution
		SolutionGuid = {42E43FFF-132F-4E5F-ACE6-E794E35DDFB6}
	EndGlobalSection
EndGlobal
